
Microsoft Visual Studio Solution File, Format Version 11.00
# Visual Studio 2010
Project("{8BC9CEB8-8B4A-11D0-8D11-00A0C91BC942}") = "glhack-unittest", "glhack-unittest.vcxproj", "{FDDCFC6E-BF8A-44E1-B437-B45B53D2D70F}"
	ProjectSection(ProjectDependencies) = postProject
		{44F323EF-6A0E-4F1C-989F-ED5CEE4FC70F} = {44F323EF-6A0E-4F1C-989F-ED5CEE4FC70F}
	EndProjectSection
EndProject
Project("{8BC9CEB8-8B4A-11D0-8D11-00A0C91BC942}") = "glhack", "glhack.vcxproj", "{44F323EF-6A0E-4F1C-989F-ED5CEE4FC70F}"
EndProject
Project("{8BC9CEB8-8B4A-11D0-8D11-00A0C91BC942}") = "hiddenlines", "hiddenlines.vcxproj", "{AF66AB6D-F6D9-4F5E-985F-E51709618104}"
EndProject
Global
	GlobalSection(SolutionConfigurationPlatforms) = preSolution
		Debug|Win32 = Debug|Win32
		Release|Win32 = Release|Win32
	EndGlobalSection
	GlobalSection(ProjectConfigurationPlatforms) = postSolution
		{FDDCFC6E-BF8A-44E1-B437-B45B53D2D70F}.Debug|Win32.ActiveCfg = Debug|Win32
		{FDDCFC6E-BF8A-44E1-B437-B45B53D2D70F}.Debug|Win32.Build.0 = Debug|Win32
		{FDDCFC6E-BF8A-44E1-B437-B45B53D2D70F}.Release|Win32.ActiveCfg = Release|Win32
		{FDDCFC6E-BF8A-44E1-B437-B45B53D2D70F}.Release|Win32.Build.0 = Release|Win32
		{44F323EF-6A0E-4F1C-989F-ED5CEE4FC70F}.Debug|Win32.ActiveCfg = Debug|Win32
		{44F323EF-6A0E-4F1C-989F-ED5CEE4FC70F}.Debug|Win32.Build.0 = Debug|Win32
		{44F323EF-6A0E-4F1C-989F-ED5CEE4FC70F}.Release|Win32.ActiveCfg = Release|Win32
		{44F323EF-6A0E-4F1C-989F-ED5CEE4FC70F}.Release|Win32.Build.0 = Release|Win32
		{AF66AB6D-F6D9-4F5E-985F-E51709618104}.Debug|Win32.ActiveCfg = Debug|Win32
		{AF66AB6D-F6D9-4F5E-985F-E51709618104}.Debug|Win32.Build.0 = Debug|Win32
		{AF66AB6D-F6D9-4F5E-985F-E51709618104}.Release|Win32.ActiveCfg = Release|Win32
		{AF66AB6D-F6D9-4F5E-985F-E51709618104}.Release|Win32.Build.0 = Release|Win32
	EndGlobalSection
	GlobalSection(SolutionProperties) = preSolution
		HideSolutionNode = FALSE
	EndGlobalSection
EndGlobal
