<?xml version="1.0" encoding="utf-8"?>
<Project ToolsVersion="4.0" xmlns="http://schemas.microsoft.com/developer/msbuild/2003">
  <ItemGroup>
    <ClCompile Include="..\glhack\glbase.cpp" />
    <ClCompile Include="..\glhack\glhack.cpp" />
    <ClCompile Include="..\glhack\shims_and_types.cpp" />
    <ClCompile Include="..\glhack\allocators.cpp" />
    <ClCompile Include="..\glhack\geometry.cpp" />
    <ClCompile Include="..\glhack\persistent_containers.cpp" />
    <ClCompile Include="..\glhack\math_tools.cpp" />
    <ClCompile Include="..\glhack\managed_structures.cpp" />
    <ClCompile Include="..\glhack\tinymt32.c" />
    <ClCompile Include="..\glhack\tinymt64.c" />
    <ClCompile Include="..\glhack\masp.cpp" />
    <ClCompile Include="..\glhack\glbuffers.cpp" />
    <ClCompile Include="..\glhack\glsystem.cpp" />
    <ClCompile Include="..\glhack\glh_index.cpp" />
    <ClCompile Include="..\glhack\glprogramvars.cpp" />
    <ClCompile Include="..\glhack\glh_mesh.cpp" />
    <ClCompile Include="..\glhack\gltexture.cpp" />
    <ClCompile Include="..\glhack\glh_image.cpp" />
    <ClCompile Include="..\glhack\asset_manager.cpp" />
    <ClCompile Include="..\glhack\iotools.cpp" />
    <ClCompile Include="..\glhack\masp_extensions.cpp" />
    <ClCompile Include="..\glhack\masp_classwrap.cpp" />
    <ClCompile Include="..\glhack\glh_font.cpp" />
    <ClCompile Include="..\glhack\glh_generators.cpp" />
    <ClCompile Include="..\glhack\glh_typedefs.cpp" />
  </ItemGroup>
  <ItemGroup>
    <ClInclude Include="..\glhack\glbase.h" />
    <ClInclude Include="..\glhack\glhack.h" />
    <ClInclude Include="..\glhack\shims_and_types.h" />
    <ClInclude Include="..\glhack\allocators.h" />
    <ClInclude Include="..\glhack\geometry.h" />
    <ClInclude Include="..\glhack\math_tools.h" />
    <ClInclude Include="..\glhack\glh_typedefs.h" />
    <ClInclude Include="..\glhack\managed_structures.h" />
    <ClInclude Include="..\glhack\persistent_containers.h" />
    <ClInclude Include="..\glhack\tinymt32.h" />
    <ClInclude Include="..\glhack\tinymt64.h" />
    <ClInclude Include="..\glhack\masp.h" />
    <ClInclude Include="..\glhack\annotated_result.h" />
    <ClInclude Include="..\glhack\glbuffers.h" />
    <ClInclude Include="..\glhack\glsystem.h" />
    <ClInclude Include="..\glhack\glh_index.h" />
    <ClInclude Include="..\glhack\glprogramvars.h" />
    <ClInclude Include="..\glhack\glh_mesh.h" />
    <ClInclude Include="..\glhack\gltexture.h" />
    <ClInclude Include="..\glhack\glh_image.h" />
    <ClInclude Include="..\glhack\asset_manager.h" />
    <ClInclude Include="..\glhack\iotools.h" />
    <ClInclude Include="..\glhack\masp_classwrap.h" />
    <ClInclude Include="..\glhack\masp_extensions.h" />
    <ClInclude Include="..\glhack\glh_font.h" />
    <ClInclude Include="..\glhack\glh_generators.h" />
  </ItemGroup>
</Project>