
Microsoft Visual Studio Solution File, Format Version 12.00
# Visual Studio Express 2012 for Windows Desktop
Project("{8BC9CEB8-8B4A-11D0-8D11-00A0C91BC942}") = "glhack-unittest", "glhack-unittest.vcxproj", "{FDDCFC6E-BF8A-44E1-B437-B45B53D2D70F}"
	ProjectSection(ProjectDependencies) = postProject
		{44F323EF-6A0E-4F1C-989F-ED5CEE4FC70F} = {44F323EF-6A0E-4F1C-989F-ED5CEE4FC70F}
	EndProjectSection
EndProject
Project("{8BC9CEB8-8B4A-11D0-8D11-00A0C91BC942}") = "glhack", "glhack.vcxproj", "{44F323EF-6A0E-4F1C-989F-ED5CEE4FC70F}"
EndProject
Project("{8BC9CEB8-8B4A-11D0-8D11-00A0C91BC942}") = "hiddenlines", "hiddenlines.vcxproj", "{AF66AB6D-F6D9-4F5E-985F-E51709618104}"
	ProjectSection(ProjectDependencies) = postProject
		{44F323EF-6A0E-4F1C-989F-ED5CEE4FC70F} = {44F323EF-6A0E-4F1C-989F-ED5CEE4FC70F}
	EndProjectSection
EndProject
Project("{8BC9CEB8-8B4A-11D0-8D11-00A0C91BC942}") = "masp_repl", "masp_repl.vcxproj", "{A1535E59-FBD3-4747-8535-A3DFB24F20F7}"
	ProjectSection(ProjectDependencies) = postProject
		{44F323EF-6A0E-4F1C-989F-ED5CEE4FC70F} = {44F323EF-6A0E-4F1C-989F-ED5CEE4FC70F}
	EndProjectSection
EndProject
Project("{8BC9CEB8-8B4A-11D0-8D11-00A0C91BC942}") = "triangle", "triangle.vcxproj", "{4E897010-9AA6-43F0-8F81-8C86C460CE86}"
	ProjectSection(ProjectDependencies) = postProject
		{44F323EF-6A0E-4F1C-989F-ED5CEE4FC70F} = {44F323EF-6A0E-4F1C-989F-ED5CEE4FC70F}
	EndProjectSection
EndProject
Project("{8BC9CEB8-8B4A-11D0-8D11-00A0C91BC942}") = "masp-unittest", "masp-unittest.vcxproj", "{985C45B7-039C-4CD1-B526-E136AA30E054}"
EndProject
Project("{8BC9CEB8-8B4A-11D0-8D11-00A0C91BC942}") = "pcontainers-unittest", "pcontainers-unittest.vcxproj", "{484D0F21-025A-49A7-B2F2-5AB59B789BA3}"
EndProject
Project("{8BC9CEB8-8B4A-11D0-8D11-00A0C91BC942}") = "compofonts", "compofonts.vcxproj", "{C6831A6C-A6FC-4684-9E46-8B0ADD350998}"
EndProject
Global
	GlobalSection(SolutionConfigurationPlatforms) = preSolution
		Debug|Win32 = Debug|Win32
		Release|Win32 = Release|Win32
	EndGlobalSection
	GlobalSection(ProjectConfigurationPlatforms) = postSolution
		{FDDCFC6E-BF8A-44E1-B437-B45B53D2D70F}.Debug|Win32.ActiveCfg = Debug|Win32
		{FDDCFC6E-BF8A-44E1-B437-B45B53D2D70F}.Debug|Win32.Build.0 = Debug|Win32
		{FDDCFC6E-BF8A-44E1-B437-B45B53D2D70F}.Release|Win32.ActiveCfg = Release|Win32
		{FDDCFC6E-BF8A-44E1-B437-B45B53D2D70F}.Release|Win32.Build.0 = Release|Win32
		{44F323EF-6A0E-4F1C-989F-ED5CEE4FC70F}.Debug|Win32.ActiveCfg = Debug|Win32
		{44F323EF-6A0E-4F1C-989F-ED5CEE4FC70F}.Debug|Win32.Build.0 = Debug|Win32
		{44F323EF-6A0E-4F1C-989F-ED5CEE4FC70F}.Release|Win32.ActiveCfg = Release|Win32
		{44F323EF-6A0E-4F1C-989F-ED5CEE4FC70F}.Release|Win32.Build.0 = Release|Win32
		{AF66AB6D-F6D9-4F5E-985F-E51709618104}.Debug|Win32.ActiveCfg = Debug|Win32
		{AF66AB6D-F6D9-4F5E-985F-E51709618104}.Debug|Win32.Build.0 = Debug|Win32
		{AF66AB6D-F6D9-4F5E-985F-E51709618104}.Release|Win32.ActiveCfg = Release|Win32
		{AF66AB6D-F6D9-4F5E-985F-E51709618104}.Release|Win32.Build.0 = Release|Win32
		{A1535E59-FBD3-4747-8535-A3DFB24F20F7}.Debug|Win32.ActiveCfg = Debug|Win32
		{A1535E59-FBD3-4747-8535-A3DFB24F20F7}.Debug|Win32.Build.0 = Debug|Win32
		{A1535E59-FBD3-4747-8535-A3DFB24F20F7}.Release|Win32.ActiveCfg = Release|Win32
		{A1535E59-FBD3-4747-8535-A3DFB24F20F7}.Release|Win32.Build.0 = Release|Win32
		{4E897010-9AA6-43F0-8F81-8C86C460CE86}.Debug|Win32.ActiveCfg = Debug|Win32
		{4E897010-9AA6-43F0-8F81-8C86C460CE86}.Debug|Win32.Build.0 = Debug|Win32
		{4E897010-9AA6-43F0-8F81-8C86C460CE86}.Release|Win32.ActiveCfg = Release|Win32
		{4E897010-9AA6-43F0-8F81-8C86C460CE86}.Release|Win32.Build.0 = Release|Win32
		{985C45B7-039C-4CD1-B526-E136AA30E054}.Debug|Win32.ActiveCfg = Debug|Win32
		{985C45B7-039C-4CD1-B526-E136AA30E054}.Debug|Win32.Build.0 = Debug|Win32
		{985C45B7-039C-4CD1-B526-E136AA30E054}.Release|Win32.ActiveCfg = Release|Win32
		{985C45B7-039C-4CD1-B526-E136AA30E054}.Release|Win32.Build.0 = Release|Win32
		{484D0F21-025A-49A7-B2F2-5AB59B789BA3}.Debug|Win32.ActiveCfg = Debug|Win32
		{484D0F21-025A-49A7-B2F2-5AB59B789BA3}.Debug|Win32.Build.0 = Debug|Win32
		{484D0F21-025A-49A7-B2F2-5AB59B789BA3}.Release|Win32.ActiveCfg = Release|Win32
		{484D0F21-025A-49A7-B2F2-5AB59B789BA3}.Release|Win32.Build.0 = Release|Win32
		{C6831A6C-A6FC-4684-9E46-8B0ADD350998}.Debug|Win32.ActiveCfg = Debug|Win32
		{C6831A6C-A6FC-4684-9E46-8B0ADD350998}.Debug|Win32.Build.0 = Debug|Win32
		{C6831A6C-A6FC-4684-9E46-8B0ADD350998}.Release|Win32.ActiveCfg = Release|Win32
		{C6831A6C-A6FC-4684-9E46-8B0ADD350998}.Release|Win32.Build.0 = Release|Win32
	EndGlobalSection
	GlobalSection(SolutionProperties) = preSolution
		HideSolutionNode = FALSE
	EndGlobalSection
EndGlobal
